
Microsoft Visual Studio Solution File, Format Version 12.00
# Visual Studio Express 2012 for Windows Desktop
Project("{FAE04EC0-301F-11D3-BF4B-00C04F79EFBC}") = "EvilWMIProvider", "EvilWMIProvider\EvilWMIProvider.csproj", "{BB490BC4-B679-410B-ACCB-F89D87E3E6B6}"
EndProject
Global
	GlobalSection(SolutionConfigurationPlatforms) = preSolution
		Debug|Any CPU = Debug|Any CPU
		Release|Any CPU = Release|Any CPU
	EndGlobalSection
	GlobalSection(ProjectConfigurationPlatforms) = postSolution
		{BB490BC4-B679-410B-ACCB-F89D87E3E6B6}.Debug|Any CPU.ActiveCfg = Debug|Any CPU
		{BB490BC4-B679-410B-ACCB-F89D87E3E6B6}.Debug|Any CPU.Build.0 = Debug|Any CPU
		{BB490BC4-B679-410B-ACCB-F89D87E3E6B6}.Release|Any CPU.ActiveCfg = Release|Any CPU
		{BB490BC4-B679-410B-ACCB-F89D87E3E6B6}.Release|Any CPU.Build.0 = Release|Any CPU
	EndGlobalSection
	GlobalSection(SolutionProperties) = preSolution
		HideSolutionNode = FALSE
	EndGlobalSection
EndGlobal
